
Microsoft Visual Studio Solution File, Format Version 12.00
# Visual Studio Version 17
VisualStudioVersion = 17.13.35825.156 d17.13
MinimumVisualStudioVersion = 10.0.40219.1
Project("{FAE04EC0-301F-11D3-BF4B-00C04F79EFBC}") = "NZWalks.API", "NZWalks.API\NZWalks.API.csproj", "{D6FCAB37-8FA3-44D6-9F8B-07D2EC90A669}"
EndProject
Global
	GlobalSection(SolutionConfigurationPlatforms) = preSolution
		Debug|Any CPU = Debug|Any CPU
		Release|Any CPU = Release|Any CPU
	EndGlobalSection
	GlobalSection(ProjectConfigurationPlatforms) = postSolution
		{D6FCAB37-8FA3-44D6-9F8B-07D2EC90A669}.Debug|Any CPU.ActiveCfg = Debug|Any CPU
		{D6FCAB37-8FA3-44D6-9F8B-07D2EC90A669}.Debug|Any CPU.Build.0 = Debug|Any CPU
		{D6FCAB37-8FA3-44D6-9F8B-07D2EC90A669}.Release|Any CPU.ActiveCfg = Release|Any CPU
		{D6FCAB37-8FA3-44D6-9F8B-07D2EC90A669}.Release|Any CPU.Build.0 = Release|Any CPU
	EndGlobalSection
	GlobalSection(SolutionProperties) = preSolution
		HideSolutionNode = FALSE
	EndGlobalSection
	GlobalSection(ExtensibilityGlobals) = postSolution
		SolutionGuid = {60C2FFEE-33F4-4A67-8CFE-61C7FA4A6ADF}
	EndGlobalSection
EndGlobal
